// !$*UTF8*$!
{
	archiveVersion = 1;
	classes = {
	};
	objectVersion = 46;
	objects = {

/* Begin PBXBuildFile section */
		5251D4DF1E0C30730033DDD7 /* VSDummyReachability.m in Sources */ = {isa = PBXBuildFile; fileRef = 5251D4DE1E0C30730033DDD7 /* VSDummyReachability.m */; };
		6CBE014F07AB5D612705914C /* libPods-VastraTests.a in Frameworks */ = {isa = PBXBuildFile; fileRef = D470198E851B8059C549CA94 /* libPods-VastraTests.a */; };
		D261A95D1C2C151B00D40175 /* main.m in Sources */ = {isa = PBXBuildFile; fileRef = D261A95C1C2C151B00D40175 /* main.m */; };
		D261A9601C2C151B00D40175 /* AppDelegate.m in Sources */ = {isa = PBXBuildFile; fileRef = D261A95F1C2C151B00D40175 /* AppDelegate.m */; };
		D261A9631C2C151B00D40175 /* ViewController.m in Sources */ = {isa = PBXBuildFile; fileRef = D261A9621C2C151B00D40175 /* ViewController.m */; };
		D261A9661C2C151B00D40175 /* Main.storyboard in Resources */ = {isa = PBXBuildFile; fileRef = D261A9641C2C151B00D40175 /* Main.storyboard */; };
		D261A9681C2C151B00D40175 /* Assets.xcassets in Resources */ = {isa = PBXBuildFile; fileRef = D261A9671C2C151B00D40175 /* Assets.xcassets */; };
		D261A96B1C2C151B00D40175 /* LaunchScreen.storyboard in Resources */ = {isa = PBXBuildFile; fileRef = D261A9691C2C151B00D40175 /* LaunchScreen.storyboard */; };
		D261A9761C2C151C00D40175 /* VastraTests.m in Sources */ = {isa = PBXBuildFile; fileRef = D261A9751C2C151C00D40175 /* VastraTests.m */; };
		D261A98B1C2C157D00D40175 /* VSValidationService.m in Sources */ = {isa = PBXBuildFile; fileRef = D261A9821C2C157D00D40175 /* VSValidationService.m */; };
		D261A98C1C2C157D00D40175 /* VSValidationStrategy.m in Sources */ = {isa = PBXBuildFile; fileRef = D261A9841C2C157D00D40175 /* VSValidationStrategy.m */; };
		D261A98D1C2C157D00D40175 /* VSReachabilityValidationStrategy.m in Sources */ = {isa = PBXBuildFile; fileRef = D261A9871C2C157D00D40175 /* VSReachabilityValidationStrategy.m */; };
		D261A98E1C2C157D00D40175 /* VSTimestampValidationStrategy.m in Sources */ = {isa = PBXBuildFile; fileRef = D261A9891C2C157D00D40175 /* VSTimestampValidationStrategy.m */; };
		D261A9931C2C1F5500D40175 /* MJUser.m in Sources */ = {isa = PBXBuildFile; fileRef = D261A9921C2C1F5500D40175 /* MJUser.m */; };
		D2F3C9B41CECC20E0048FEBA /* VSInvalidationStrategy.m in Sources */ = {isa = PBXBuildFile; fileRef = D2F3C9B31CECC20E0048FEBA /* VSInvalidationStrategy.m */; };
		DC3C62F02393B2CE49BA8D9E /* libPods-Vastra.a in Frameworks */ = {isa = PBXBuildFile; fileRef = E59FD0C1A00BEDE5616F2BD5 /* libPods-Vastra.a */; };
/* End PBXBuildFile section */

/* Begin PBXContainerItemProxy section */
		D261A9721C2C151C00D40175 /* PBXContainerItemProxy */ = {
			isa = PBXContainerItemProxy;
			containerPortal = D261A9501C2C151B00D40175 /* Project object */;
			proxyType = 1;
			remoteGlobalIDString = D261A9571C2C151B00D40175;
			remoteInfo = Vastra;
		};
/* End PBXContainerItemProxy section */

/* Begin PBXFileReference section */
		5251D4DC1E0C25360033DDD7 /* VSReachabilityProtocol.h */ = {isa = PBXFileReference; lastKnownFileType = sourcecode.c.h; path = VSReachabilityProtocol.h; sourceTree = "<group>"; };
		5251D4DD1E0C30730033DDD7 /* VSDummyReachability.h */ = {isa = PBXFileReference; fileEncoding = 4; lastKnownFileType = sourcecode.c.h; path = VSDummyReachability.h; sourceTree = "<group>"; };
		5251D4DE1E0C30730033DDD7 /* VSDummyReachability.m */ = {isa = PBXFileReference; fileEncoding = 4; lastKnownFileType = sourcecode.c.objc; path = VSDummyReachability.m; sourceTree = "<group>"; };
		6302899A5C9E08D2E954E134 /* Pods-VastraTests.release.xcconfig */ = {isa = PBXFileReference; includeInIndex = 1; lastKnownFileType = text.xcconfig; name = "Pods-VastraTests.release.xcconfig"; path = "Pods/Target Support Files/Pods-VastraTests/Pods-VastraTests.release.xcconfig"; sourceTree = "<group>"; };
		71D758F8EA8F4A6A0D0915FD /* Pods-VastraTests.debug.xcconfig */ = {isa = PBXFileReference; includeInIndex = 1; lastKnownFileType = text.xcconfig; name = "Pods-VastraTests.debug.xcconfig"; path = "Pods/Target Support Files/Pods-VastraTests/Pods-VastraTests.debug.xcconfig"; sourceTree = "<group>"; };
		BAAB6564C70F1E174F547458 /* Pods-Vastra.debug.xcconfig */ = {isa = PBXFileReference; includeInIndex = 1; lastKnownFileType = text.xcconfig; name = "Pods-Vastra.debug.xcconfig"; path = "Pods/Target Support Files/Pods-Vastra/Pods-Vastra.debug.xcconfig"; sourceTree = "<group>"; };
		D261A9581C2C151B00D40175 /* Vastra.app */ = {isa = PBXFileReference; explicitFileType = wrapper.application; includeInIndex = 0; path = Vastra.app; sourceTree = BUILT_PRODUCTS_DIR; };
		D261A95C1C2C151B00D40175 /* main.m */ = {isa = PBXFileReference; lastKnownFileType = sourcecode.c.objc; path = main.m; sourceTree = "<group>"; };
		D261A95E1C2C151B00D40175 /* AppDelegate.h */ = {isa = PBXFileReference; lastKnownFileType = sourcecode.c.h; path = AppDelegate.h; sourceTree = "<group>"; };
		D261A95F1C2C151B00D40175 /* AppDelegate.m */ = {isa = PBXFileReference; lastKnownFileType = sourcecode.c.objc; path = AppDelegate.m; sourceTree = "<group>"; };
		D261A9611C2C151B00D40175 /* ViewController.h */ = {isa = PBXFileReference; lastKnownFileType = sourcecode.c.h; path = ViewController.h; sourceTree = "<group>"; };
		D261A9621C2C151B00D40175 /* ViewController.m */ = {isa = PBXFileReference; lastKnownFileType = sourcecode.c.objc; path = ViewController.m; sourceTree = "<group>"; };
		D261A9651C2C151B00D40175 /* Base */ = {isa = PBXFileReference; lastKnownFileType = file.storyboard; name = Base; path = Base.lproj/Main.storyboard; sourceTree = "<group>"; };
		D261A9671C2C151B00D40175 /* Assets.xcassets */ = {isa = PBXFileReference; lastKnownFileType = folder.assetcatalog; path = Assets.xcassets; sourceTree = "<group>"; };
		D261A96A1C2C151B00D40175 /* Base */ = {isa = PBXFileReference; lastKnownFileType = file.storyboard; name = Base; path = Base.lproj/LaunchScreen.storyboard; sourceTree = "<group>"; };
		D261A96C1C2C151B00D40175 /* Info.plist */ = {isa = PBXFileReference; lastKnownFileType = text.plist.xml; path = Info.plist; sourceTree = "<group>"; };
		D261A9711C2C151C00D40175 /* VastraTests.xctest */ = {isa = PBXFileReference; explicitFileType = wrapper.cfbundle; includeInIndex = 0; path = VastraTests.xctest; sourceTree = BUILT_PRODUCTS_DIR; };
		D261A9751C2C151C00D40175 /* VastraTests.m */ = {isa = PBXFileReference; lastKnownFileType = sourcecode.c.objc; path = VastraTests.m; sourceTree = "<group>"; };
		D261A9771C2C151C00D40175 /* Info.plist */ = {isa = PBXFileReference; lastKnownFileType = text.plist.xml; path = Info.plist; sourceTree = "<group>"; };
		D261A9811C2C157D00D40175 /* VSValidationService.h */ = {isa = PBXFileReference; fileEncoding = 4; lastKnownFileType = sourcecode.c.h; path = VSValidationService.h; sourceTree = "<group>"; };
		D261A9821C2C157D00D40175 /* VSValidationService.m */ = {isa = PBXFileReference; fileEncoding = 4; lastKnownFileType = sourcecode.c.objc; path = VSValidationService.m; sourceTree = "<group>"; };
		D261A9831C2C157D00D40175 /* VSValidationStrategy.h */ = {isa = PBXFileReference; fileEncoding = 4; lastKnownFileType = sourcecode.c.h; path = VSValidationStrategy.h; sourceTree = "<group>"; };
		D261A9841C2C157D00D40175 /* VSValidationStrategy.m */ = {isa = PBXFileReference; fileEncoding = 4; lastKnownFileType = sourcecode.c.objc; path = VSValidationStrategy.m; sourceTree = "<group>"; };
		D261A9861C2C157D00D40175 /* VSReachabilityValidationStrategy.h */ = {isa = PBXFileReference; fileEncoding = 4; lastKnownFileType = sourcecode.c.h; path = VSReachabilityValidationStrategy.h; sourceTree = "<group>"; };
		D261A9871C2C157D00D40175 /* VSReachabilityValidationStrategy.m */ = {isa = PBXFileReference; fileEncoding = 4; lastKnownFileType = sourcecode.c.objc; path = VSReachabilityValidationStrategy.m; sourceTree = "<group>"; };
		D261A9881C2C157D00D40175 /* VSTimestampValidationStrategy.h */ = {isa = PBXFileReference; fileEncoding = 4; lastKnownFileType = sourcecode.c.h; path = VSTimestampValidationStrategy.h; sourceTree = "<group>"; };
		D261A9891C2C157D00D40175 /* VSTimestampValidationStrategy.m */ = {isa = PBXFileReference; fileEncoding = 4; lastKnownFileType = sourcecode.c.objc; path = VSTimestampValidationStrategy.m; sourceTree = "<group>"; };
		D261A9911C2C1F5500D40175 /* MJUser.h */ = {isa = PBXFileReference; fileEncoding = 4; lastKnownFileType = sourcecode.c.h; name = MJUser.h; path = Model/MJUser.h; sourceTree = "<group>"; };
		D261A9921C2C1F5500D40175 /* MJUser.m */ = {isa = PBXFileReference; fileEncoding = 4; lastKnownFileType = sourcecode.c.objc; name = MJUser.m; path = Model/MJUser.m; sourceTree = "<group>"; };
		D261A9941C2C2A1600D40175 /* Vastra.h */ = {isa = PBXFileReference; fileEncoding = 4; lastKnownFileType = sourcecode.c.h; path = Vastra.h; sourceTree = "<group>"; };
		D2F3C9B21CECC20E0048FEBA /* VSInvalidationStrategy.h */ = {isa = PBXFileReference; fileEncoding = 4; lastKnownFileType = sourcecode.c.h; path = VSInvalidationStrategy.h; sourceTree = "<group>"; };
		D2F3C9B31CECC20E0048FEBA /* VSInvalidationStrategy.m */ = {isa = PBXFileReference; fileEncoding = 4; lastKnownFileType = sourcecode.c.objc; path = VSInvalidationStrategy.m; sourceTree = "<group>"; };
		D470198E851B8059C549CA94 /* libPods-VastraTests.a */ = {isa = PBXFileReference; explicitFileType = archive.ar; includeInIndex = 0; path = "libPods-VastraTests.a"; sourceTree = BUILT_PRODUCTS_DIR; };
		E59FD0C1A00BEDE5616F2BD5 /* libPods-Vastra.a */ = {isa = PBXFileReference; explicitFileType = archive.ar; includeInIndex = 0; path = "libPods-Vastra.a"; sourceTree = BUILT_PRODUCTS_DIR; };
		F7CECEA9E0BFDD532BEEC090 /* Pods-Vastra.release.xcconfig */ = {isa = PBXFileReference; includeInIndex = 1; lastKnownFileType = text.xcconfig; name = "Pods-Vastra.release.xcconfig"; path = "Pods/Target Support Files/Pods-Vastra/Pods-Vastra.release.xcconfig"; sourceTree = "<group>"; };
/* End PBXFileReference section */

/* Begin PBXFrameworksBuildPhase section */
		D261A9551C2C151B00D40175 /* Frameworks */ = {
			isa = PBXFrameworksBuildPhase;
			buildActionMask = 2147483647;
			files = (
				DC3C62F02393B2CE49BA8D9E /* libPods-Vastra.a in Frameworks */,
			);
			runOnlyForDeploymentPostprocessing = 0;
		};
		D261A96E1C2C151C00D40175 /* Frameworks */ = {
			isa = PBXFrameworksBuildPhase;
			buildActionMask = 2147483647;
			files = (
				6CBE014F07AB5D612705914C /* libPods-VastraTests.a in Frameworks */,
			);
			runOnlyForDeploymentPostprocessing = 0;
		};
/* End PBXFrameworksBuildPhase section */

/* Begin PBXGroup section */
		1E47C2755E6F8E0F3B0996ED /* Frameworks */ = {
			isa = PBXGroup;
			children = (
				E59FD0C1A00BEDE5616F2BD5 /* libPods-Vastra.a */,
				D470198E851B8059C549CA94 /* libPods-VastraTests.a */,
			);
			name = Frameworks;
			sourceTree = "<group>";
		};
		44CB1BB7C8C4BCBAD511BF6B /* Pods */ = {
			isa = PBXGroup;
			children = (
				BAAB6564C70F1E174F547458 /* Pods-Vastra.debug.xcconfig */,
				F7CECEA9E0BFDD532BEEC090 /* Pods-Vastra.release.xcconfig */,
				71D758F8EA8F4A6A0D0915FD /* Pods-VastraTests.debug.xcconfig */,
				6302899A5C9E08D2E954E134 /* Pods-VastraTests.release.xcconfig */,
			);
			name = Pods;
			sourceTree = "<group>";
		};
		D261A94F1C2C151B00D40175 = {
			isa = PBXGroup;
			children = (
				D261A95A1C2C151B00D40175 /* Vastra */,
				D261A9741C2C151C00D40175 /* VastraTests */,
				D261A9591C2C151B00D40175 /* Products */,
				44CB1BB7C8C4BCBAD511BF6B /* Pods */,
				1E47C2755E6F8E0F3B0996ED /* Frameworks */,
			);
			sourceTree = "<group>";
		};
		D261A9591C2C151B00D40175 /* Products */ = {
			isa = PBXGroup;
			children = (
				D261A9581C2C151B00D40175 /* Vastra.app */,
				D261A9711C2C151C00D40175 /* VastraTests.xctest */,
			);
			name = Products;
			sourceTree = "<group>";
		};
		D261A95A1C2C151B00D40175 /* Vastra */ = {
			isa = PBXGroup;
			children = (
				D261A95E1C2C151B00D40175 /* AppDelegate.h */,
				D261A95F1C2C151B00D40175 /* AppDelegate.m */,
				5251D4DD1E0C30730033DDD7 /* VSDummyReachability.h */,
				5251D4DE1E0C30730033DDD7 /* VSDummyReachability.m */,
				D261A9611C2C151B00D40175 /* ViewController.h */,
				D261A9621C2C151B00D40175 /* ViewController.m */,
				D261A9901C2C1F3B00D40175 /* Model */,
				D261A9801C2C157D00D40175 /* Vastra */,
				D261A98F1C2C158F00D40175 /* Resources */,
				D261A95B1C2C151B00D40175 /* Supporting Files */,
			);
			path = Vastra;
			sourceTree = "<group>";
		};
		D261A95B1C2C151B00D40175 /* Supporting Files */ = {
			isa = PBXGroup;
			children = (
				D261A95C1C2C151B00D40175 /* main.m */,
			);
			name = "Supporting Files";
			sourceTree = "<group>";
		};
		D261A9741C2C151C00D40175 /* VastraTests */ = {
			isa = PBXGroup;
			children = (
				D261A9751C2C151C00D40175 /* VastraTests.m */,
				D261A9771C2C151C00D40175 /* Info.plist */,
			);
			path = VastraTests;
			sourceTree = "<group>";
		};
		D261A9801C2C157D00D40175 /* Vastra */ = {
			isa = PBXGroup;
			children = (
				D261A9941C2C2A1600D40175 /* Vastra.h */,
				D2F3C9B21CECC20E0048FEBA /* VSInvalidationStrategy.h */,
				5251D4DC1E0C25360033DDD7 /* VSReachabilityProtocol.h */,
				D261A9861C2C157D00D40175 /* VSReachabilityValidationStrategy.h */,
				D261A9881C2C157D00D40175 /* VSTimestampValidationStrategy.h */,
				D261A9811C2C157D00D40175 /* VSValidationService.h */,
				D261A9831C2C157D00D40175 /* VSValidationStrategy.h */,
				D2F3C9B31CECC20E0048FEBA /* VSInvalidationStrategy.m */,
				D261A9871C2C157D00D40175 /* VSReachabilityValidationStrategy.m */,
				D261A9891C2C157D00D40175 /* VSTimestampValidationStrategy.m */,
				D261A9821C2C157D00D40175 /* VSValidationService.m */,
				D261A9841C2C157D00D40175 /* VSValidationStrategy.m */,
			);
			name = Vastra;
			path = ../../Vastra;
			sourceTree = "<group>";
		};
		D261A98F1C2C158F00D40175 /* Resources */ = {
			isa = PBXGroup;
			children = (
				D261A9641C2C151B00D40175 /* Main.storyboard */,
				D261A9671C2C151B00D40175 /* Assets.xcassets */,
				D261A9691C2C151B00D40175 /* LaunchScreen.storyboard */,
				D261A96C1C2C151B00D40175 /* Info.plist */,
			);
			name = Resources;
			sourceTree = "<group>";
		};
		D261A9901C2C1F3B00D40175 /* Model */ = {
			isa = PBXGroup;
			children = (
				D261A9911C2C1F5500D40175 /* MJUser.h */,
				D261A9921C2C1F5500D40175 /* MJUser.m */,
			);
			name = Model;
			sourceTree = "<group>";
		};
/* End PBXGroup section */

/* Begin PBXNativeTarget section */
		D261A9571C2C151B00D40175 /* Vastra */ = {
			isa = PBXNativeTarget;
			buildConfigurationList = D261A97A1C2C151C00D40175 /* Build configuration list for PBXNativeTarget "Vastra" */;
			buildPhases = (
				2579A2FA1313E04B64AD9A95 /* [CP] Check Pods Manifest.lock */,
				D261A9541C2C151B00D40175 /* Sources */,
				D261A9551C2C151B00D40175 /* Frameworks */,
				D261A9561C2C151B00D40175 /* Resources */,
				1AB7B3BD949C22CCE377102B /* [CP] Embed Pods Frameworks */,
				8E6B703F24E85E140F1794BB /* [CP] Copy Pods Resources */,
			);
			buildRules = (
			);
			dependencies = (
			);
			name = Vastra;
			productName = Vastra;
			productReference = D261A9581C2C151B00D40175 /* Vastra.app */;
			productType = "com.apple.product-type.application";
		};
		D261A9701C2C151C00D40175 /* VastraTests */ = {
			isa = PBXNativeTarget;
			buildConfigurationList = D261A97D1C2C151C00D40175 /* Build configuration list for PBXNativeTarget "VastraTests" */;
			buildPhases = (
				A80FED6F9F8A3A707896430B /* [CP] Check Pods Manifest.lock */,
				D261A96D1C2C151C00D40175 /* Sources */,
				D261A96E1C2C151C00D40175 /* Frameworks */,
				D261A96F1C2C151C00D40175 /* Resources */,
				8FE075E211F82B8603C4D867 /* [CP] Embed Pods Frameworks */,
				C06F6463E69E870B8F787C2F /* [CP] Copy Pods Resources */,
			);
			buildRules = (
			);
			dependencies = (
				D261A9731C2C151C00D40175 /* PBXTargetDependency */,
			);
			name = VastraTests;
			productName = VastraTests;
			productReference = D261A9711C2C151C00D40175 /* VastraTests.xctest */;
			productType = "com.apple.product-type.bundle.unit-test";
		};
/* End PBXNativeTarget section */

/* Begin PBXProject section */
		D261A9501C2C151B00D40175 /* Project object */ = {
			isa = PBXProject;
			attributes = {
				LastUpgradeCheck = 0720;
				ORGANIZATIONNAME = "Mobile Jazz";
				TargetAttributes = {
					D261A9571C2C151B00D40175 = {
						CreatedOnToolsVersion = 7.2;
					};
					D261A9701C2C151C00D40175 = {
						CreatedOnToolsVersion = 7.2;
						TestTargetID = D261A9571C2C151B00D40175;
					};
				};
			};
			buildConfigurationList = D261A9531C2C151B00D40175 /* Build configuration list for PBXProject "Vastra" */;
			compatibilityVersion = "Xcode 3.2";
			developmentRegion = English;
			hasScannedForEncodings = 0;
			knownRegions = (
				en,
				Base,
			);
			mainGroup = D261A94F1C2C151B00D40175;
			productRefGroup = D261A9591C2C151B00D40175 /* Products */;
			projectDirPath = "";
			projectRoot = "";
			targets = (
				D261A9571C2C151B00D40175 /* Vastra */,
				D261A9701C2C151C00D40175 /* VastraTests */,
			);
		};
/* End PBXProject section */

/* Begin PBXResourcesBuildPhase section */
		D261A9561C2C151B00D40175 /* Resources */ = {
			isa = PBXResourcesBuildPhase;
			buildActionMask = 2147483647;
			files = (
				D261A96B1C2C151B00D40175 /* LaunchScreen.storyboard in Resources */,
				D261A9681C2C151B00D40175 /* Assets.xcassets in Resources */,
				D261A9661C2C151B00D40175 /* Main.storyboard in Resources */,
			);
			runOnlyForDeploymentPostprocessing = 0;
		};
		D261A96F1C2C151C00D40175 /* Resources */ = {
			isa = PBXResourcesBuildPhase;
			buildActionMask = 2147483647;
			files = (
			);
			runOnlyForDeploymentPostprocessing = 0;
		};
/* End PBXResourcesBuildPhase section */

/* Begin PBXShellScriptBuildPhase section */
		1AB7B3BD949C22CCE377102B /* [CP] Embed Pods Frameworks */ = {
			isa = PBXShellScriptBuildPhase;
			buildActionMask = 2147483647;
			files = (
			);
			inputPaths = (
			);
			name = "[CP] Embed Pods Frameworks";
			outputPaths = (
			);
			runOnlyForDeploymentPostprocessing = 0;
			shellPath = /bin/sh;
			shellScript = "\"${SRCROOT}/Pods/Target Support Files/Pods-Vastra/Pods-Vastra-frameworks.sh\"\n";
			showEnvVarsInLog = 0;
		};
		2579A2FA1313E04B64AD9A95 /* [CP] Check Pods Manifest.lock */ = {
			isa = PBXShellScriptBuildPhase;
			buildActionMask = 2147483647;
			files = (
			);
			inputPaths = (
			);
			name = "[CP] Check Pods Manifest.lock";
			outputPaths = (
			);
			runOnlyForDeploymentPostprocessing = 0;
			shellPath = /bin/sh;
			shellScript = "diff \"${PODS_ROOT}/../Podfile.lock\" \"${PODS_ROOT}/Manifest.lock\" > /dev/null\nif [ $? != 0 ] ; then\n    # print error to STDERR\n    echo \"error: The sandbox is not in sync with the Podfile.lock. Run 'pod install' or update your CocoaPods installation.\" >&2\n    exit 1\nfi\n";
			showEnvVarsInLog = 0;
		};
		8E6B703F24E85E140F1794BB /* [CP] Copy Pods Resources */ = {
			isa = PBXShellScriptBuildPhase;
			buildActionMask = 2147483647;
			files = (
			);
			inputPaths = (
			);
			name = "[CP] Copy Pods Resources";
			outputPaths = (
			);
			runOnlyForDeploymentPostprocessing = 0;
			shellPath = /bin/sh;
			shellScript = "\"${SRCROOT}/Pods/Target Support Files/Pods-Vastra/Pods-Vastra-resources.sh\"\n";
			showEnvVarsInLog = 0;
		};
		8FE075E211F82B8603C4D867 /* [CP] Embed Pods Frameworks */ = {
			isa = PBXShellScriptBuildPhase;
			buildActionMask = 2147483647;
			files = (
			);
			inputPaths = (
			);
			name = "[CP] Embed Pods Frameworks";
			outputPaths = (
			);
			runOnlyForDeploymentPostprocessing = 0;
			shellPath = /bin/sh;
			shellScript = "\"${SRCROOT}/Pods/Target Support Files/Pods-VastraTests/Pods-VastraTests-frameworks.sh\"\n";
			showEnvVarsInLog = 0;
		};
		A80FED6F9F8A3A707896430B /* [CP] Check Pods Manifest.lock */ = {
			isa = PBXShellScriptBuildPhase;
			buildActionMask = 2147483647;
			files = (
			);
			inputPaths = (
			);
			name = "[CP] Check Pods Manifest.lock";
			outputPaths = (
			);
			runOnlyForDeploymentPostprocessing = 0;
			shellPath = /bin/sh;
			shellScript = "diff \"${PODS_ROOT}/../Podfile.lock\" \"${PODS_ROOT}/Manifest.lock\" > /dev/null\nif [ $? != 0 ] ; then\n    # print error to STDERR\n    echo \"error: The sandbox is not in sync with the Podfile.lock. Run 'pod install' or update your CocoaPods installation.\" >&2\n    exit 1\nfi\n";
			showEnvVarsInLog = 0;
		};
		C06F6463E69E870B8F787C2F /* [CP] Copy Pods Resources */ = {
			isa = PBXShellScriptBuildPhase;
			buildActionMask = 2147483647;
			files = (
			);
			inputPaths = (
			);
			name = "[CP] Copy Pods Resources";
			outputPaths = (
			);
			runOnlyForDeploymentPostprocessing = 0;
			shellPath = /bin/sh;
			shellScript = "\"${SRCROOT}/Pods/Target Support Files/Pods-VastraTests/Pods-VastraTests-resources.sh\"\n";
			showEnvVarsInLog = 0;
		};
/* End PBXShellScriptBuildPhase section */

/* Begin PBXSourcesBuildPhase section */
		D261A9541C2C151B00D40175 /* Sources */ = {
			isa = PBXSourcesBuildPhase;
			buildActionMask = 2147483647;
			files = (
				D261A98B1C2C157D00D40175 /* VSValidationService.m in Sources */,
				D261A9931C2C1F5500D40175 /* MJUser.m in Sources */,
				D261A9631C2C151B00D40175 /* ViewController.m in Sources */,
				D261A98D1C2C157D00D40175 /* VSReachabilityValidationStrategy.m in Sources */,
				D261A9601C2C151B00D40175 /* AppDelegate.m in Sources */,
				D261A98E1C2C157D00D40175 /* VSTimestampValidationStrategy.m in Sources */,
				5251D4DF1E0C30730033DDD7 /* VSDummyReachability.m in Sources */,
				D261A95D1C2C151B00D40175 /* main.m in Sources */,
				D2F3C9B41CECC20E0048FEBA /* VSInvalidationStrategy.m in Sources */,
				D261A98C1C2C157D00D40175 /* VSValidationStrategy.m in Sources */,
			);
			runOnlyForDeploymentPostprocessing = 0;
		};
		D261A96D1C2C151C00D40175 /* Sources */ = {
			isa = PBXSourcesBuildPhase;
			buildActionMask = 2147483647;
			files = (
				D261A9761C2C151C00D40175 /* VastraTests.m in Sources */,
			);
			runOnlyForDeploymentPostprocessing = 0;
		};
/* End PBXSourcesBuildPhase section */

/* Begin PBXTargetDependency section */
		D261A9731C2C151C00D40175 /* PBXTargetDependency */ = {
			isa = PBXTargetDependency;
			target = D261A9571C2C151B00D40175 /* Vastra */;
			targetProxy = D261A9721C2C151C00D40175 /* PBXContainerItemProxy */;
		};
/* End PBXTargetDependency section */

/* Begin PBXVariantGroup section */
		D261A9641C2C151B00D40175 /* Main.storyboard */ = {
			isa = PBXVariantGroup;
			children = (
				D261A9651C2C151B00D40175 /* Base */,
			);
			name = Main.storyboard;
			sourceTree = "<group>";
		};
		D261A9691C2C151B00D40175 /* LaunchScreen.storyboard */ = {
			isa = PBXVariantGroup;
			children = (
				D261A96A1C2C151B00D40175 /* Base */,
			);
			name = LaunchScreen.storyboard;
			sourceTree = "<group>";
		};
/* End PBXVariantGroup section */

/* Begin XCBuildConfiguration section */
		D261A9781C2C151C00D40175 /* Debug */ = {
			isa = XCBuildConfiguration;
			buildSettings = {
				ALWAYS_SEARCH_USER_PATHS = NO;
				CLANG_CXX_LANGUAGE_STANDARD = "gnu++0x";
				CLANG_CXX_LIBRARY = "libc++";
				CLANG_ENABLE_MODULES = YES;
				CLANG_ENABLE_OBJC_ARC = YES;
				CLANG_WARN_BOOL_CONVERSION = YES;
				CLANG_WARN_CONSTANT_CONVERSION = YES;
				CLANG_WARN_DIRECT_OBJC_ISA_USAGE = YES_ERROR;
				CLANG_WARN_EMPTY_BODY = YES;
				CLANG_WARN_ENUM_CONVERSION = YES;
				CLANG_WARN_INT_CONVERSION = YES;
				CLANG_WARN_OBJC_ROOT_CLASS = YES_ERROR;
				CLANG_WARN_UNREACHABLE_CODE = YES;
				CLANG_WARN__DUPLICATE_METHOD_MATCH = YES;
				"CODE_SIGN_IDENTITY[sdk=iphoneos*]" = "iPhone Developer";
				COPY_PHASE_STRIP = NO;
				DEBUG_INFORMATION_FORMAT = dwarf;
				ENABLE_STRICT_OBJC_MSGSEND = YES;
				ENABLE_TESTABILITY = YES;
				GCC_C_LANGUAGE_STANDARD = gnu99;
				GCC_DYNAMIC_NO_PIC = NO;
				GCC_NO_COMMON_BLOCKS = YES;
				GCC_OPTIMIZATION_LEVEL = 0;
				GCC_PREPROCESSOR_DEFINITIONS = (
					"DEBUG=1",
					"$(inherited)",
				);
				GCC_WARN_64_TO_32_BIT_CONVERSION = YES;
				GCC_WARN_ABOUT_RETURN_TYPE = YES_ERROR;
				GCC_WARN_UNDECLARED_SELECTOR = YES;
				GCC_WARN_UNINITIALIZED_AUTOS = YES_AGGRESSIVE;
				GCC_WARN_UNUSED_FUNCTION = YES;
				GCC_WARN_UNUSED_VARIABLE = YES;
				IPHONEOS_DEPLOYMENT_TARGET = 9.2;
				MTL_ENABLE_DEBUG_INFO = YES;
				ONLY_ACTIVE_ARCH = YES;
				SDKROOT = iphoneos;
			};
			name = Debug;
		};
		D261A9791C2C151C00D40175 /* Release */ = {
			isa = XCBuildConfiguration;
			buildSettings = {
				ALWAYS_SEARCH_USER_PATHS = NO;
				CLANG_CXX_LANGUAGE_STANDARD = "gnu++0x";
				CLANG_CXX_LIBRARY = "libc++";
				CLANG_ENABLE_MODULES = YES;
				CLANG_ENABLE_OBJC_ARC = YES;
				CLANG_WARN_BOOL_CONVERSION = YES;
				CLANG_WARN_CONSTANT_CONVERSION = YES;
				CLANG_WARN_DIRECT_OBJC_ISA_USAGE = YES_ERROR;
				CLANG_WARN_EMPTY_BODY = YES;
				CLANG_WARN_ENUM_CONVERSION = YES;
				CLANG_WARN_INT_CONVERSION = YES;
				CLANG_WARN_OBJC_ROOT_CLASS = YES_ERROR;
				CLANG_WARN_UNREACHABLE_CODE = YES;
				CLANG_WARN__DUPLICATE_METHOD_MATCH = YES;
				"CODE_SIGN_IDENTITY[sdk=iphoneos*]" = "iPhone Developer";
				COPY_PHASE_STRIP = NO;
				DEBUG_INFORMATION_FORMAT = "dwarf-with-dsym";
				ENABLE_NS_ASSERTIONS = NO;
				ENABLE_STRICT_OBJC_MSGSEND = YES;
				GCC_C_LANGUAGE_STANDARD = gnu99;
				GCC_NO_COMMON_BLOCKS = YES;
				GCC_WARN_64_TO_32_BIT_CONVERSION = YES;
				GCC_WARN_ABOUT_RETURN_TYPE = YES_ERROR;
				GCC_WARN_UNDECLARED_SELECTOR = YES;
				GCC_WARN_UNINITIALIZED_AUTOS = YES_AGGRESSIVE;
				GCC_WARN_UNUSED_FUNCTION = YES;
				GCC_WARN_UNUSED_VARIABLE = YES;
				IPHONEOS_DEPLOYMENT_TARGET = 9.2;
				MTL_ENABLE_DEBUG_INFO = NO;
				SDKROOT = iphoneos;
				VALIDATE_PRODUCT = YES;
			};
			name = Release;
		};
		D261A97B1C2C151C00D40175 /* Debug */ = {
			isa = XCBuildConfiguration;
			baseConfigurationReference = BAAB6564C70F1E174F547458 /* Pods-Vastra.debug.xcconfig */;
			buildSettings = {
				ASSETCATALOG_COMPILER_APPICON_NAME = AppIcon;
				INFOPLIST_FILE = Vastra/Info.plist;
				LD_RUNPATH_SEARCH_PATHS = "$(inherited) @executable_path/Frameworks";
				PRODUCT_BUNDLE_IDENTIFIER = com.mobilejazz.Vastra;
				PRODUCT_NAME = "$(TARGET_NAME)";
			};
			name = Debug;
		};
		D261A97C1C2C151C00D40175 /* Release */ = {
			isa = XCBuildConfiguration;
			baseConfigurationReference = F7CECEA9E0BFDD532BEEC090 /* Pods-Vastra.release.xcconfig */;
			buildSettings = {
				ASSETCATALOG_COMPILER_APPICON_NAME = AppIcon;
				INFOPLIST_FILE = Vastra/Info.plist;
				LD_RUNPATH_SEARCH_PATHS = "$(inherited) @executable_path/Frameworks";
				PRODUCT_BUNDLE_IDENTIFIER = com.mobilejazz.Vastra;
				PRODUCT_NAME = "$(TARGET_NAME)";
			};
			name = Release;
		};
		D261A97E1C2C151C00D40175 /* Debug */ = {
			isa = XCBuildConfiguration;
			baseConfigurationReference = 71D758F8EA8F4A6A0D0915FD /* Pods-VastraTests.debug.xcconfig */;
			buildSettings = {
				BUNDLE_LOADER = "$(TEST_HOST)";
				INFOPLIST_FILE = VastraTests/Info.plist;
				LD_RUNPATH_SEARCH_PATHS = "$(inherited) @executable_path/Frameworks @loader_path/Frameworks";
				PRODUCT_BUNDLE_IDENTIFIER = com.mobilejazz.VastraTests;
				PRODUCT_NAME = "$(TARGET_NAME)";
				TEST_HOST = "$(BUILT_PRODUCTS_DIR)/Vastra.app/Vastra";
			};
			name = Debug;
		};
		D261A97F1C2C151C00D40175 /* Release */ = {
			isa = XCBuildConfiguration;
			baseConfigurationReference = 6302899A5C9E08D2E954E134 /* Pods-VastraTests.release.xcconfig */;
			buildSettings = {
				BUNDLE_LOADER = "$(TEST_HOST)";
				INFOPLIST_FILE = VastraTests/Info.plist;
				LD_RUNPATH_SEARCH_PATHS = "$(inherited) @executable_path/Frameworks @loader_path/Frameworks";
				PRODUCT_BUNDLE_IDENTIFIER = com.mobilejazz.VastraTests;
				PRODUCT_NAME = "$(TARGET_NAME)";
				TEST_HOST = "$(BUILT_PRODUCTS_DIR)/Vastra.app/Vastra";
			};
			name = Release;
		};
/* End XCBuildConfiguration section */

/* Begin XCConfigurationList section */
		D261A9531C2C151B00D40175 /* Build configuration list for PBXProject "Vastra" */ = {
			isa = XCConfigurationList;
			buildConfigurations = (
				D261A9781C2C151C00D40175 /* Debug */,
				D261A9791C2C151C00D40175 /* Release */,
			);
			defaultConfigurationIsVisible = 0;
			defaultConfigurationName = Release;
		};
		D261A97A1C2C151C00D40175 /* Build configuration list for PBXNativeTarget "Vastra" */ = {
			isa = XCConfigurationList;
			buildConfigurations = (
				D261A97B1C2C151C00D40175 /* Debug */,
				D261A97C1C2C151C00D40175 /* Release */,
			);
			defaultConfigurationIsVisible = 0;
			defaultConfigurationName = Release;
		};
		D261A97D1C2C151C00D40175 /* Build configuration list for PBXNativeTarget "VastraTests" */ = {
			isa = XCConfigurationList;
			buildConfigurations = (
				D261A97E1C2C151C00D40175 /* Debug */,
				D261A97F1C2C151C00D40175 /* Release */,
			);
			defaultConfigurationIsVisible = 0;
			defaultConfigurationName = Release;
		};
/* End XCConfigurationList section */
	};
	rootObject = D261A9501C2C151B00D40175 /* Project object */;
}
